
Microsoft Visual Studio Solution File, Format Version 12.00
# Visual Studio 15
VisualStudioVersion = 15.0.28307.168
MinimumVisualStudioVersion = 10.0.40219.1
Project("{FAE04EC0-301F-11D3-BF4B-00C04F79EFBC}") = "EventPlanning", "EventPlanning\EventPlanning.csproj", "{FA248670-E7CB-457B-9140-A2185BB2D33E}"
EndProject
Project("{FAE04EC0-301F-11D3-BF4B-00C04F79EFBC}") = "EventPlanning.Mvc", "EventPlanning.Mvc\EventPlanning.Mvc.csproj", "{0AB6F0C4-D650-45C4-8CC2-7BA3FF5BC7DA}"
EndProject
Project("{FAE04EC0-301F-11D3-BF4B-00C04F79EFBC}") = "EventPlanning.Tests", "EventPlanning.Tests\EventPlanning.Tests.csproj", "{3390557B-099C-4E1E-849A-6A02A3E18B48}"
EndProject
Global
	GlobalSection(SolutionConfigurationPlatforms) = preSolution
		Debug|Any CPU = Debug|Any CPU
		Release|Any CPU = Release|Any CPU
	EndGlobalSection
	GlobalSection(ProjectConfigurationPlatforms) = postSolution
		{FA248670-E7CB-457B-9140-A2185BB2D33E}.Debug|Any CPU.ActiveCfg = Debug|Any CPU
		{FA248670-E7CB-457B-9140-A2185BB2D33E}.Debug|Any CPU.Build.0 = Debug|Any CPU
		{FA248670-E7CB-457B-9140-A2185BB2D33E}.Release|Any CPU.ActiveCfg = Release|Any CPU
		{FA248670-E7CB-457B-9140-A2185BB2D33E}.Release|Any CPU.Build.0 = Release|Any CPU
		{0AB6F0C4-D650-45C4-8CC2-7BA3FF5BC7DA}.Debug|Any CPU.ActiveCfg = Debug|Any CPU
		{0AB6F0C4-D650-45C4-8CC2-7BA3FF5BC7DA}.Debug|Any CPU.Build.0 = Debug|Any CPU
		{0AB6F0C4-D650-45C4-8CC2-7BA3FF5BC7DA}.Release|Any CPU.ActiveCfg = Release|Any CPU
		{0AB6F0C4-D650-45C4-8CC2-7BA3FF5BC7DA}.Release|Any CPU.Build.0 = Release|Any CPU
		{3390557B-099C-4E1E-849A-6A02A3E18B48}.Debug|Any CPU.ActiveCfg = Debug|Any CPU
		{3390557B-099C-4E1E-849A-6A02A3E18B48}.Debug|Any CPU.Build.0 = Debug|Any CPU
		{3390557B-099C-4E1E-849A-6A02A3E18B48}.Release|Any CPU.ActiveCfg = Release|Any CPU
		{3390557B-099C-4E1E-849A-6A02A3E18B48}.Release|Any CPU.Build.0 = Release|Any CPU
	EndGlobalSection
	GlobalSection(SolutionProperties) = preSolution
		HideSolutionNode = FALSE
	EndGlobalSection
	GlobalSection(ExtensibilityGlobals) = postSolution
		SolutionGuid = {1A2F74C3-4ED5-4828-87F6-2F086BACF5BD}
	EndGlobalSection
EndGlobal
